{
  "R": {
    "Version": "4.2.3",
    "Repositories": [
      {
        "Name": "REPO",
        "URL": "https://packagemanager.posit.co/cran/latest"
      }
    ]
  },
  "Packages": {
    "DBI": {
      "Package": "DBI",
      "Version": "1.1.3",
      "Source": "Repository"
    },
    "KernSmooth": {
      "Package": "KernSmooth",
      "Version": "2.23-20",
      "Source": "Repository"
    },
    "MASS": {
      "Package": "MASS",
      "Version": "7.3-58.3",
      "Source": "Repository"
    },
    "Matrix": {
      "Package": "Matrix",
      "Version": "1.5-4",
      "Source": "Repository"
    },
    "R6": {
      "Package": "R6",
      "Version": "2.5.1",
      "Source": "Repository"
    },
    "RColorBrewer": {
      "Package": "RColorBrewer",
      "Version": "1.1-3",
      "Source": "Repository",
      "Date": "2022-04-03",
      "Title": "ColorBrewer Palettes",
      "Authors@R": "c(person(given = \"Erich\", family = \"Neuwirth\", role = c(\"aut\", \"cre\"), email = \"erich.neuwirth@univie.ac.at\"))",
      "Author": "Erich Neuwirth [aut, cre]",
      "Maintainer": "Erich Neuwirth <erich.neuwirth@univie.ac.at>",
      "Depends": [
        "R (>= 2.0.0)"
      ],
      "Description": "Provides color schemes for maps (and other graphics) designed by Cynthia Brewer as described at http://colorbrewer2.org.",
      "License": "Apache License 2.0",
      "NeedsCompilation": "no",
      "Repository": "REPO",
      "Encoding": "UTF-8"
    },
    "Rcpp": {
      "Package": "Rcpp",
      "Version": "1.0.10",
      "Source": "Repository"
    },
    "RcppArmadillo": {
      "Package": "RcppArmadillo",
      "Version": "0.12.2.0.0",
      "Source": "Repository"
    },
    "RcppEigen": {
      "Package": "RcppEigen",
      "Version": "0.3.3.9.3",
      "Source": "Repository"
    },
    "askpass": {
      "Package": "askpass",
      "Version": "1.1",
      "Source": "Repository"
    },
    "backports": {
      "Package": "backports",
      "Version": "1.4.1",
      "Source": "Repository"
    },
    "bigD": {
      "Package": "bigD",
      "Version": "0.2.0",
      "Source": "Repository"
    },
    "bit": {
      "Package": "bit",
      "Version": "4.0.5",
      "Source": "Repository"
    },
    "bit64": {
      "Package": "bit64",
      "Version": "4.0.5",
      "Source": "Repository"
    },
    "bitops": {
      "Package": "bitops",
      "Version": "1.0-7",
      "Source": "Repository"
    },
    "boot": {
      "Package": "boot",
      "Version": "1.3-28.1",
      "Source": "Repository"
    },
    "brio": {
      "Package": "brio",
      "Version": "1.1.3",
      "Source": "Repository"
    },
    "broom": {
      "Package": "broom",
      "Version": "1.0.4",
      "Source": "Repository"
    },
    "broom.helpers": {
      "Package": "broom.helpers",
      "Version": "1.13.0",
      "Source": "Repository"
    },
    "bslib": {
      "Package": "bslib",
      "Version": "0.4.2",
      "Source": "Repository"
    },
    "cachem": {
      "Package": "cachem",
      "Version": "1.0.7",
      "Source": "Repository"
    },
    "callr": {
      "Package": "callr",
      "Version": "3.7.3",
      "Source": "Repository"
    },
    "cellranger": {
      "Package": "cellranger",
      "Version": "1.1.0",
      "Source": "Repository",
      "Title": "Translate Spreadsheet Cell Ranges to Rows and Columns",
      "Authors@R": "c( person(\"Jennifer\", \"Bryan\", , \"jenny@stat.ubc.ca\", c(\"cre\", \"aut\")), person(\"Hadley\", \"Wickham\", , \"hadley@rstudio.com\", \"ctb\") )",
      "Description": "Helper functions to work with spreadsheets and the \"A1:D10\" style of cell range specification.",
      "Depends": [
        "R (>= 3.0.0)"
      ],
      "License": "MIT + file LICENSE",
      "LazyData": "true",
      "URL": "https://github.com/rsheets/cellranger",
      "BugReports": "https://github.com/rsheets/cellranger/issues",
      "Suggests": [
        "covr",
        "testthat (>= 1.0.0)",
        "knitr",
        "rmarkdown"
      ],
      "RoxygenNote": "5.0.1.9000",
      "VignetteBuilder": "knitr",
      "Imports": [
        "rematch",
        "tibble"
      ],
      "NeedsCompilation": "no",
      "Author": "Jennifer Bryan [cre, aut], Hadley Wickham [ctb]",
      "Maintainer": "Jennifer Bryan <jenny@stat.ubc.ca>",
      "Repository": "REPO",
      "Encoding": "UTF-8"
    },
    "class": {
      "Package": "class",
      "Version": "7.3-21",
      "Source": "Repository",
      "Priority": "recommended",
      "Date": "2023-01-23",
      "Depends": [
        "R (>= 3.0.0)",
        "stats",
        "utils"
      ],
      "Imports": [
        "MASS"
      ],
      "Authors@R": "c(person(\"Brian\", \"Ripley\", role = c(\"aut\", \"cre\", \"cph\"), email = \"ripley@stats.ox.ac.uk\"), person(\"William\", \"Venables\", role = \"cph\"))",
      "Description": "Various functions for classification, including k-nearest neighbour, Learning Vector Quantization and Self-Organizing Maps.",
      "Title": "Functions for Classification",
      "ByteCompile": "yes",
      "License": "GPL-2 | GPL-3",
      "URL": "http://www.stats.ox.ac.uk/pub/MASS4/",
      "NeedsCompilation": "yes",
      "Author": "Brian Ripley [aut, cre, cph], William Venables [cph]",
      "Maintainer": "Brian Ripley <ripley@stats.ox.ac.uk>",
      "Repository": "CRAN"
    },
    "classInt": {
      "Package": "classInt",
      "Version": "0.4-9",
      "Source": "Repository"
    },
    "cli": {
      "Package": "cli",
      "Version": "3.6.1",
      "Source": "Repository"
    },
    "clipr": {
      "Package": "clipr",
      "Version": "0.8.0",
      "Source": "Repository",
      "Type": "Package",
      "Title": "Read and Write from the System Clipboard",
      "Authors@R": "c( person(\"Matthew\", \"Lincoln\", , \"matthew.d.lincoln@gmail.com\", role = c(\"aut\", \"cre\"), comment = c(ORCID = \"0000-0002-4387-3384\")), person(\"Louis\", \"Maddox\", role = \"ctb\"), person(\"Steve\", \"Simpson\", role = \"ctb\"), person(\"Jennifer\", \"Bryan\", role = \"ctb\") )",
      "Description": "Simple utility functions to read from and write to the Windows, OS X, and X11 clipboards.",
      "License": "GPL-3",
      "URL": "https://github.com/mdlincoln/clipr, http://matthewlincoln.net/clipr/",
      "BugReports": "https://github.com/mdlincoln/clipr/issues",
      "Imports": [
        "utils"
      ],
      "Suggests": [
        "covr",
        "knitr",
        "rmarkdown",
        "rstudioapi (>= 0.5)",
        "testthat (>= 2.0.0)"
      ],
      "VignetteBuilder": "knitr",
      "Encoding": "UTF-8",
      "Language": "en-US",
      "RoxygenNote": "7.1.2",
      "SystemRequirements": "xclip (https://github.com/astrand/xclip) or xsel (http://www.vergenet.net/~conrad/software/xsel/) for accessing the X11 clipboard, or wl-clipboard (https://github.com/bugaevc/wl-clipboard) for systems using Wayland.",
      "NeedsCompilation": "no",
      "Author": "Matthew Lincoln [aut, cre] (<https://orcid.org/0000-0002-4387-3384>), Louis Maddox [ctb], Steve Simpson [ctb], Jennifer Bryan [ctb]",
      "Maintainer": "Matthew Lincoln <matthew.d.lincoln@gmail.com>",
      "Repository": "REPO"
    },
    "colorspace": {
      "Package": "colorspace",
      "Version": "2.1-0",
      "Source": "Repository"
    },
    "commonmark": {
      "Package": "commonmark",
      "Version": "1.9.0",
      "Source": "Repository"
    },
    "cpp11": {
      "Package": "cpp11",
      "Version": "0.4.3",
      "Source": "Repository"
    },
    "crayon": {
      "Package": "crayon",
      "Version": "1.5.2",
      "Source": "Repository"
    },
    "curl": {
      "Package": "curl",
      "Version": "5.0.0",
      "Source": "Repository"
    },
    "desc": {
      "Package": "desc",
      "Version": "1.4.2",
      "Source": "Repository"
    },
    "diffobj": {
      "Package": "diffobj",
      "Version": "0.3.5",
      "Source": "Repository"
    },
    "digest": {
      "Package": "digest",
      "Version": "0.6.31",
      "Source": "Repository"
    },
    "dplyr": {
      "Package": "dplyr",
      "Version": "1.1.1",
      "Source": "Repository"
    },
    "e1071": {
      "Package": "e1071",
      "Version": "1.7-13",
      "Source": "Repository"
    },
    "ellipsis": {
      "Package": "ellipsis",
      "Version": "0.3.2",
      "Source": "Repository",
      "Title": "Tools for Working with ...",
      "Description": "The ellipsis is a powerful tool for extending functions. Unfortunately  this power comes at a cost: misspelled arguments will be silently ignored.  The ellipsis package provides a collection of functions to catch problems and alert the user.",
      "Authors@R": "c( person(\"Hadley\", \"Wickham\", , \"hadley@rstudio.com\", role = c(\"aut\", \"cre\")), person(\"RStudio\", role = \"cph\") )",
      "License": "MIT + file LICENSE",
      "Encoding": "UTF-8",
      "RoxygenNote": "7.1.1",
      "URL": "https://ellipsis.r-lib.org, https://github.com/r-lib/ellipsis",
      "BugReports": "https://github.com/r-lib/ellipsis/issues",
      "Depends": [
        "R (>= 3.2)"
      ],
      "Imports": [
        "rlang (>= 0.3.0)"
      ],
      "Suggests": [
        "covr",
        "testthat"
      ],
      "NeedsCompilation": "yes",
      "Author": "Hadley Wickham [aut, cre], RStudio [cph]",
      "Maintainer": "Hadley Wickham <hadley@rstudio.com>",
      "Repository": "REPO"
    },
    "evaluate": {
      "Package": "evaluate",
      "Version": "0.20",
      "Source": "Repository"
    },
    "fansi": {
      "Package": "fansi",
      "Version": "1.0.4",
      "Source": "Repository"
    },
    "farver": {
      "Package": "farver",
      "Version": "2.1.1",
      "Source": "Repository"
    },
    "fastmap": {
      "Package": "fastmap",
      "Version": "1.1.1",
      "Source": "Repository"
    },
    "fontawesome": {
      "Package": "fontawesome",
      "Version": "0.5.0",
      "Source": "Repository"
    },
    "forcats": {
      "Package": "forcats",
      "Version": "1.0.0",
      "Source": "Repository",
      "Title": "Tools for Working with Categorical Variables (Factors)",
      "Authors@R": "c( person(\"Hadley\", \"Wickham\", , \"hadley@rstudio.com\", role = c(\"aut\", \"cre\")), person(\"RStudio\", role = c(\"cph\", \"fnd\")) )",
      "Description": "Helpers for reordering factor levels (including moving specified levels to front, ordering by first appearance, reversing, and randomly shuffling), and tools for modifying factor levels (including collapsing rare levels into other, 'anonymising', and manually 'recoding').",
      "License": "MIT + file LICENSE",
      "URL": "https://forcats.tidyverse.org/, https://github.com/tidyverse/forcats",
      "BugReports": "https://github.com/tidyverse/forcats/issues",
      "Depends": [
        "R (>= 3.4)"
      ],
      "Imports": [
        "cli (>= 3.4.0)",
        "glue",
        "lifecycle",
        "magrittr",
        "rlang (>= 1.0.0)",
        "tibble"
      ],
      "Suggests": [
        "covr",
        "dplyr",
        "ggplot2",
        "knitr",
        "readr",
        "rmarkdown",
        "testthat (>= 3.0.0)",
        "withr"
      ],
      "VignetteBuilder": "knitr",
      "Config/Needs/website": "tidyverse/tidytemplate",
      "Config/testthat/edition": "3",
      "Encoding": "UTF-8",
      "LazyData": "true",
      "RoxygenNote": "7.2.3",
      "NeedsCompilation": "no",
      "Author": "Hadley Wickham [aut, cre], RStudio [cph, fnd]",
      "Maintainer": "Hadley Wickham <hadley@rstudio.com>",
      "Repository": "REPO"
    },
    "foreign": {
      "Package": "foreign",
      "Version": "0.8-84",
      "Source": "Repository"
    },
    "generics": {
      "Package": "generics",
      "Version": "0.1.3",
      "Source": "Repository"
    },
    "ggplot2": {
      "Package": "ggplot2",
      "Version": "3.4.2",
      "Source": "Repository"
    },
    "glue": {
      "Package": "glue",
      "Version": "1.6.2",
      "Source": "Repository"
    },
    "gt": {
      "Package": "gt",
      "Version": "0.9.0",
      "Source": "Repository"
    },
    "gtable": {
      "Package": "gtable",
      "Version": "0.3.3",
      "Source": "Repository"
    },
    "gtsummary": {
      "Package": "gtsummary",
      "Version": "1.7.0",
      "Source": "Repository"
    },
    "haven": {
      "Package": "haven",
      "Version": "2.5.2",
      "Source": "Repository"
    },
    "here": {
      "Package": "here",
      "Version": "1.0.1",
      "Source": "Repository",
      "Title": "A Simpler Way to Find Your Files",
      "Date": "2020-12-13",
      "Authors@R": "c(person(given = \"Kirill\", family = \"M\\u00fcller\", role = c(\"aut\", \"cre\"), email = \"krlmlr+r@mailbox.org\", comment = c(ORCID = \"0000-0002-1416-3412\")), person(given = \"Jennifer\", family = \"Bryan\", role = \"ctb\", email = \"jenny@rstudio.com\", comment = c(ORCID = \"0000-0002-6983-2759\")))",
      "Description": "Constructs paths to your project's files. Declare the relative path of a file within your project with 'i_am()'. Use the 'here()' function as a drop-in replacement for 'file.path()', it will always locate the files relative to your project root.",
      "License": "MIT + file LICENSE",
      "URL": "https://here.r-lib.org/, https://github.com/r-lib/here",
      "BugReports": "https://github.com/r-lib/here/issues",
      "Imports": [
        "rprojroot (>= 2.0.2)"
      ],
      "Suggests": [
        "conflicted",
        "covr",
        "fs",
        "knitr",
        "palmerpenguins",
        "plyr",
        "readr",
        "rlang",
        "rmarkdown",
        "testthat",
        "uuid",
        "withr"
      ],
      "VignetteBuilder": "knitr",
      "Encoding": "UTF-8",
      "LazyData": "true",
      "RoxygenNote": "7.1.1.9000",
      "Config/testthat/edition": "3",
      "NeedsCompilation": "no",
      "Author": "Kirill Müller [aut, cre] (<https://orcid.org/0000-0002-1416-3412>), Jennifer Bryan [ctb] (<https://orcid.org/0000-0002-6983-2759>)",
      "Maintainer": "Kirill Müller <krlmlr+r@mailbox.org>",
      "Repository": "REPO"
    },
    "highr": {
      "Package": "highr",
      "Version": "0.1",
      "Source": "Repository"
    },
    "hms": {
      "Package": "hms",
      "Version": "1.1.3",
      "Source": "Repository",
      "Title": "Pretty Time of Day",
      "Date": "2023-03-21",
      "Authors@R": "c( person(\"Kirill\", \"Müller\", role = c(\"aut\", \"cre\"), email = \"kirill@cynkra.com\", comment = c(ORCID = \"0000-0002-1416-3412\")), person(\"R Consortium\", role = \"fnd\"), person(\"RStudio\", role = \"fnd\") )",
      "Description": "Implements an S3 class for storing and formatting time-of-day values, based on the 'difftime' class.",
      "Imports": [
        "lifecycle",
        "methods",
        "pkgconfig",
        "rlang (>= 1.0.2)",
        "vctrs (>= 0.3.8)"
      ],
      "Suggests": [
        "crayon",
        "lubridate",
        "pillar (>= 1.1.0)",
        "testthat (>= 3.0.0)"
      ],
      "License": "MIT + file LICENSE",
      "Encoding": "UTF-8",
      "URL": "https://hms.tidyverse.org/, https://github.com/tidyverse/hms",
      "BugReports": "https://github.com/tidyverse/hms/issues",
      "RoxygenNote": "7.2.3",
      "Config/testthat/edition": "3",
      "Config/autostyle/scope": "line_breaks",
      "Config/autostyle/strict": "false",
      "Config/Needs/website": "tidyverse/tidytemplate",
      "NeedsCompilation": "no",
      "Author": "Kirill Müller [aut, cre] (<https://orcid.org/0000-0002-1416-3412>), R Consortium [fnd], RStudio [fnd]",
      "Maintainer": "Kirill Müller <kirill@cynkra.com>",
      "Repository": "REPO"
    },
    "htmltools": {
      "Package": "htmltools",
      "Version": "0.5.5",
      "Source": "Repository"
    },
    "htmlwidgets": {
      "Package": "htmlwidgets",
      "Version": "1.6.2",
      "Source": "Repository"
    },
    "httr": {
      "Package": "httr",
      "Version": "1.4.5",
      "Source": "Repository"
    },
    "isoband": {
      "Package": "isoband",
      "Version": "0.2.7",
      "Source": "Repository",
      "Title": "Generate Isolines and Isobands from Regularly Spaced Elevation Grids",
      "Authors@R": "c( person(\"Hadley\", \"Wickham\", , \"hadley@posit.co\", role = c(\"aut\", \"cre\"), comment = c(ORCID = \"0000-0003-4757-117X\")), person(\"Claus O.\", \"Wilke\", , \"wilke@austin.utexas.edu\", role = \"aut\", comment = c(\"Original author\", ORCID = \"0000-0002-7470-9261\")), person(\"Thomas Lin\", \"Pedersen\", , \"thomasp85@gmail.com\", role = \"aut\", comment = c(ORCID = \"0000-0002-5147-4711\")) )",
      "Description": "A fast C++ implementation to generate contour lines (isolines) and contour polygons (isobands) from regularly spaced grids containing elevation data.",
      "License": "MIT + file LICENSE",
      "URL": "https://isoband.r-lib.org",
      "BugReports": "https://github.com/r-lib/isoband/issues",
      "Imports": [
        "grid",
        "utils"
      ],
      "Suggests": [
        "covr",
        "ggplot2",
        "knitr",
        "magick",
        "microbenchmark",
        "rmarkdown",
        "sf",
        "testthat",
        "xml2"
      ],
      "VignetteBuilder": "knitr",
      "Config/Needs/website": "tidyverse/tidytemplate",
      "Config/testthat/edition": "3",
      "Encoding": "UTF-8",
      "RoxygenNote": "7.2.3",
      "SystemRequirements": "C++11",
      "NeedsCompilation": "yes",
      "Author": "Hadley Wickham [aut, cre] (<https://orcid.org/0000-0003-4757-117X>), Claus O. Wilke [aut] (Original author, <https://orcid.org/0000-0002-7470-9261>), Thomas Lin Pedersen [aut] (<https://orcid.org/0000-0002-5147-4711>)",
      "Maintainer": "Hadley Wickham <hadley@posit.co>",
      "Repository": "REPO"
    },
    "jsonlite": {
      "Package": "jsonlite",
      "Version": "1.8.4",
      "Source": "Repository"
    },
    "knitr": {
      "Package": "knitr",
      "Version": "1.42",
      "Source": "Repository"
    },
    "labeling": {
      "Package": "labeling",
      "Version": "0.4.2",
      "Source": "Repository"
    },
    "labelled": {
      "Package": "labelled",
      "Version": "2.11.0",
      "Source": "Repository"
    },
    "lattice": {
      "Package": "lattice",
      "Version": "0.21-8",
      "Source": "Repository"
    },
    "lifecycle": {
      "Package": "lifecycle",
      "Version": "1.0.3",
      "Source": "Repository"
    },
    "lme4": {
      "Package": "lme4",
      "Version": "1.1-32",
      "Source": "Repository"
    },
    "lubridate": {
      "Package": "lubridate",
      "Version": "1.9.2",
      "Source": "Repository"
    },
    "magrittr": {
      "Package": "magrittr",
      "Version": "2.0.3",
      "Source": "Repository",
      "Type": "Package",
      "Title": "A Forward-Pipe Operator for R",
      "Authors@R": "c( person(\"Stefan Milton\", \"Bache\", , \"stefan@stefanbache.dk\", role = c(\"aut\", \"cph\"), comment = \"Original author and creator of magrittr\"), person(\"Hadley\", \"Wickham\", , \"hadley@rstudio.com\", role = \"aut\"), person(\"Lionel\", \"Henry\", , \"lionel@rstudio.com\", role = \"cre\"), person(\"RStudio\", role = c(\"cph\", \"fnd\")) )",
      "Description": "Provides a mechanism for chaining commands with a new forward-pipe operator, %>%. This operator will forward a value, or the result of an expression, into the next function call/expression. There is flexible support for the type of right-hand side expressions. For more information, see package vignette.  To quote Rene Magritte, \"Ceci n'est pas un pipe.\"",
      "License": "MIT + file LICENSE",
      "URL": "https://magrittr.tidyverse.org, https://github.com/tidyverse/magrittr",
      "BugReports": "https://github.com/tidyverse/magrittr/issues",
      "Depends": [
        "R (>= 3.4.0)"
      ],
      "Suggests": [
        "covr",
        "knitr",
        "rlang",
        "rmarkdown",
        "testthat"
      ],
      "VignetteBuilder": "knitr",
      "ByteCompile": "Yes",
      "Config/Needs/website": "tidyverse/tidytemplate",
      "Encoding": "UTF-8",
      "RoxygenNote": "7.1.2",
      "NeedsCompilation": "yes",
      "Author": "Stefan Milton Bache [aut, cph] (Original author and creator of magrittr), Hadley Wickham [aut], Lionel Henry [cre], RStudio [cph, fnd]",
      "Maintainer": "Lionel Henry <lionel@rstudio.com>",
      "Repository": "REPO"
    },
    "markdown": {
      "Package": "markdown",
      "Version": "1.6",
      "Source": "Repository"
    },
    "mgcv": {
      "Package": "mgcv",
      "Version": "1.8-42",
      "Source": "Repository",
      "Author": "Simon Wood <simon.wood@r-project.org>",
      "Maintainer": "Simon Wood <simon.wood@r-project.org>",
      "Title": "Mixed GAM Computation Vehicle with Automatic Smoothness Estimation",
      "Description": "Generalized additive (mixed) models, some of their extensions and  other generalized ridge regression with multiple smoothing  parameter estimation by (Restricted) Marginal Likelihood,  Generalized Cross Validation and similar, or using iterated  nested Laplace approximation for fully Bayesian inference. See  Wood (2017) <doi:10.1201/9781315370279> for an overview.  Includes a gam() function, a wide variety of smoothers, 'JAGS'  support and distributions beyond the exponential family.",
      "Priority": "recommended",
      "Depends": [
        "R (>= 3.6.0)",
        "nlme (>= 3.1-64)"
      ],
      "Imports": [
        "methods",
        "stats",
        "graphics",
        "Matrix",
        "splines",
        "utils"
      ],
      "Suggests": [
        "parallel",
        "survival",
        "MASS"
      ],
      "LazyLoad": "yes",
      "ByteCompile": "yes",
      "License": "GPL (>= 2)",
      "NeedsCompilation": "yes",
      "Repository": "CRAN"
    },
    "mime": {
      "Package": "mime",
      "Version": "0.12",
      "Source": "Repository"
    },
    "minqa": {
      "Package": "minqa",
      "Version": "1.2.5",
      "Source": "Repository"
    },
    "mitools": {
      "Package": "mitools",
      "Version": "2.4",
      "Source": "Repository",
      "Title": "Tools for Multiple Imputation of Missing Data",
      "Author": "Thomas Lumley",
      "Description": "Tools to perform analyses and combine results from multiple-imputation datasets.",
      "Maintainer": "Thomas Lumley <t.lumley@auckland.ac.nz>",
      "Suggests": [
        "RODBC",
        "foreign"
      ],
      "Imports": [
        "DBI",
        "methods",
        "stats"
      ],
      "License": "GPL-2",
      "NeedsCompilation": "no",
      "Repository": "REPO",
      "Encoding": "UTF-8"
    },
    "munsell": {
      "Package": "munsell",
      "Version": "0.5.0",
      "Source": "Repository"
    },
    "nlme": {
      "Package": "nlme",
      "Version": "3.1-162",
      "Source": "Repository"
    },
    "nloptr": {
      "Package": "nloptr",
      "Version": "2.0.3",
      "Source": "Repository"
    },
    "numDeriv": {
      "Package": "numDeriv",
      "Version": "2016.8-1.1",
      "Source": "Repository",
      "Title": "Accurate Numerical Derivatives",
      "Description": "Methods for calculating (usually) accurate numerical first and second order derivatives. Accurate calculations  are done using 'Richardson''s' extrapolation or, when applicable, a complex step derivative is available. A simple difference  method is also provided. Simple difference is (usually) less accurate but is much quicker than 'Richardson''s' extrapolation and provides a  useful cross-check.  Methods are provided for real scalar and vector valued functions.",
      "Depends": [
        "R (>= 2.11.1)"
      ],
      "LazyLoad": "yes",
      "ByteCompile": "yes",
      "License": "GPL-2",
      "Copyright": "2006-2011, Bank of Canada. 2012-2016, Paul Gilbert",
      "Author": "Paul Gilbert and Ravi Varadhan",
      "Maintainer": "Paul Gilbert <pgilbert.ttv9z@ncf.ca>",
      "URL": "http://optimizer.r-forge.r-project.org/",
      "NeedsCompilation": "no",
      "Repository": "REPO",
      "Encoding": "UTF-8"
    },
    "openssl": {
      "Package": "openssl",
      "Version": "2.0.6",
      "Source": "Repository"
    },
    "pillar": {
      "Package": "pillar",
      "Version": "1.9.0",
      "Source": "Repository"
    },
    "pkgbuild": {
      "Package": "pkgbuild",
      "Version": "1.4.0",
      "Source": "Repository"
    },
    "pkgconfig": {
      "Package": "pkgconfig",
      "Version": "2.0.3",
      "Source": "Repository",
      "Title": "Private Configuration for 'R' Packages",
      "Author": "Gábor Csárdi",
      "Maintainer": "Gábor Csárdi <csardi.gabor@gmail.com>",
      "Description": "Set configuration options on a per-package basis. Options set by a given package only apply to that package, other packages are unaffected.",
      "License": "MIT + file LICENSE",
      "LazyData": "true",
      "Imports": [
        "utils"
      ],
      "Suggests": [
        "covr",
        "testthat",
        "disposables (>= 1.0.3)"
      ],
      "URL": "https://github.com/r-lib/pkgconfig#readme",
      "BugReports": "https://github.com/r-lib/pkgconfig/issues",
      "Encoding": "UTF-8",
      "NeedsCompilation": "no",
      "Repository": "REPO"
    },
    "pkgload": {
      "Package": "pkgload",
      "Version": "1.3.2",
      "Source": "Repository"
    },
    "plyr": {
      "Package": "plyr",
      "Version": "1.8.8",
      "Source": "Repository"
    },
    "praise": {
      "Package": "praise",
      "Version": "1.0.0",
      "Source": "Repository",
      "Title": "Praise Users",
      "Author": "Gabor Csardi, Sindre Sorhus",
      "Maintainer": "Gabor Csardi <csardi.gabor@gmail.com>",
      "Description": "Build friendly R packages that praise their users if they have done something good, or they just need it to feel better.",
      "License": "MIT + file LICENSE",
      "LazyData": "true",
      "URL": "https://github.com/gaborcsardi/praise",
      "BugReports": "https://github.com/gaborcsardi/praise/issues",
      "Suggests": [
        "testthat"
      ],
      "Collate": "'adjective.R' 'adverb.R' 'exclamation.R' 'verb.R' 'rpackage.R' 'package.R'",
      "NeedsCompilation": "no",
      "Repository": "CRAN"
    },
    "prettyunits": {
      "Package": "prettyunits",
      "Version": "1.1.1",
      "Source": "Repository"
    },
    "prism": {
      "Package": "prism",
      "Version": "0.2.3",
      "Source": "Repository",
      "Title": "Access Data from the Oregon State Prism Climate Project",
      "Description": "Allows users to access the Oregon State Prism climate data (<https://prism.nacse.org/>). Using the web service API data can easily downloaded in bulk and loaded into R for spatial analysis. Some user friendly visualizations are also provided.",
      "URL": "https://docs.ropensci.org/prism/, https://github.com/ropensci/prism",
      "BugReports": "https://github.com/ropensci/prism/issues",
      "Authors@R": "c( person(\"Hart\", \"Edmund\", email =\"Edmund.m.hart@gmail.com\",role = c(\"aut\", \"ccp\")), person(\"Kendon\", \"Bell\", email = \"kmb56@berkeley.edu\", role = c(\"aut\")), person(given = \"Alan\", family = \"Butler\", email = \"rabutler@usbr.gov\",  role = c(\"ctb\",\"cre\"),comment = c(ORCID = \"0000-0002-8625-6386\")) )",
      "License": "MIT + file LICENSE",
      "Imports": [
        "ggplot2",
        "raster",
        "httr",
        "dplyr",
        "stringr",
        "magrittr",
        "readr",
        "utils"
      ],
      "VignetteBuilder": "knitr",
      "Suggests": [
        "covr",
        "knitr",
        "rmarkdown",
        "testthat (>= 2.1.0)"
      ],
      "RoxygenNote": "7.3.2",
      "Encoding": "UTF-8",
      "NeedsCompilation": "no",
      "Author": "Hart Edmund [aut, ccp], Kendon Bell [aut], Alan Butler [ctb, cre] (<https://orcid.org/0000-0002-8625-6386>)",
      "Maintainer": "Alan Butler <rabutler@usbr.gov>",
      "Repository": "REPO"
    },
    "processx": {
      "Package": "processx",
      "Version": "3.8.0",
      "Source": "Repository"
    },
    "progress": {
      "Package": "progress",
      "Version": "1.2.2",
      "Source": "Repository"
    },
    "proxy": {
      "Package": "proxy",
      "Version": "0.4-27",
      "Source": "Repository",
      "Type": "Package",
      "Title": "Distance and Similarity Measures",
      "Authors@R": "c(person(given = \"David\", family = \"Meyer\", role = c(\"aut\", \"cre\"), email = \"David.Meyer@R-project.org\"), person(given = \"Christian\", family = \"Buchta\", role = \"aut\"))",
      "Description": "Provides an extensible framework for the efficient calculation of auto- and cross-proximities, along with implementations of the most popular ones.",
      "Depends": [
        "R (>= 3.4.0)"
      ],
      "Imports": [
        "stats",
        "utils"
      ],
      "Suggests": [
        "cba"
      ],
      "Collate": "registry.R database.R dist.R similarities.R dissimilarities.R util.R seal.R",
      "License": "GPL-2",
      "NeedsCompilation": "yes",
      "Author": "David Meyer [aut, cre], Christian Buchta [aut]",
      "Maintainer": "David Meyer <David.Meyer@R-project.org>",
      "Repository": "REPO",
      "Encoding": "UTF-8"
    },
    "ps": {
      "Package": "ps",
      "Version": "1.7.4",
      "Source": "Repository"
    },
    "purrr": {
      "Package": "purrr",
      "Version": "1.0.1",
      "Source": "Repository"
    },
    "raster": {
      "Package": "raster",
      "Version": "3.6-20",
      "Source": "Repository"
    },
    "reactR": {
      "Package": "reactR",
      "Version": "0.4.4",
      "Source": "Repository"
    },
    "readr": {
      "Package": "readr",
      "Version": "2.1.4",
      "Source": "Repository"
    },
    "readxl": {
      "Package": "readxl",
      "Version": "1.4.2",
      "Source": "Repository"
    },
    "rematch": {
      "Package": "rematch",
      "Version": "1.0.1",
      "Source": "Repository"
    },
    "rematch2": {
      "Package": "rematch2",
      "Version": "2.1.2",
      "Source": "Repository",
      "Title": "Tidy Output from Regular Expression Matching",
      "Authors@R": "c( person(\"Gábor\", \"Csárdi\", email = \"csardi.gabor@gmail.com\", role = c(\"aut\", \"cre\")), person(\"Matthew\", \"Lincoln\", email = \"matthew.d.lincoln@gmail.com\", role = c(\"ctb\")))",
      "Description": "Wrappers on 'regexpr' and 'gregexpr' to return the match results in tidy data frames.",
      "License": "MIT + file LICENSE",
      "LazyData": "true",
      "URL": "https://github.com/r-lib/rematch2#readme",
      "BugReports": "https://github.com/r-lib/rematch2/issues",
      "RoxygenNote": "7.1.0",
      "Imports": [
        "tibble"
      ],
      "Suggests": [
        "covr",
        "testthat"
      ],
      "Encoding": "UTF-8",
      "NeedsCompilation": "no",
      "Author": "Gábor Csárdi [aut, cre], Matthew Lincoln [ctb]",
      "Maintainer": "Gábor Csárdi <csardi.gabor@gmail.com>",
      "Repository": "CRAN"
    },
    "renv": {
      "Package": "renv",
      "Version": "1.1.5",
      "Source": "Repository"
    },
    "rlang": {
      "Package": "rlang",
      "Version": "1.1.0",
      "Source": "Repository"
    },
    "rmarkdown": {
      "Package": "rmarkdown",
      "Version": "2.21",
      "Source": "Repository"
    },
    "rpart": {
      "Package": "rpart",
      "Version": "4.1.19",
      "Source": "Repository"
    },
    "rprojroot": {
      "Package": "rprojroot",
      "Version": "2.0.3",
      "Source": "Repository"
    },
    "s2": {
      "Package": "s2",
      "Version": "1.1.2",
      "Source": "Repository"
    },
    "sass": {
      "Package": "sass",
      "Version": "0.4.5",
      "Source": "Repository"
    },
    "scales": {
      "Package": "scales",
      "Version": "1.2.1",
      "Source": "Repository"
    },
    "sf": {
      "Package": "sf",
      "Version": "1.0-12",
      "Source": "Repository"
    },
    "sp": {
      "Package": "sp",
      "Version": "1.6-0",
      "Source": "Repository"
    },
    "spatial": {
      "Package": "spatial",
      "Version": "7.3-16",
      "Source": "Repository"
    },
    "stringi": {
      "Package": "stringi",
      "Version": "1.7.12",
      "Source": "Repository"
    },
    "stringr": {
      "Package": "stringr",
      "Version": "1.5.0",
      "Source": "Repository"
    },
    "survey": {
      "Package": "survey",
      "Version": "4.1-1",
      "Source": "Repository"
    },
    "survival": {
      "Package": "survival",
      "Version": "3.5-5",
      "Source": "Repository"
    },
    "sys": {
      "Package": "sys",
      "Version": "3.4.1",
      "Source": "Repository"
    },
    "terra": {
      "Package": "terra",
      "Version": "1.7-23",
      "Source": "Repository"
    },
    "testthat": {
      "Package": "testthat",
      "Version": "3.1.7",
      "Source": "Repository"
    },
    "tibble": {
      "Package": "tibble",
      "Version": "3.2.1",
      "Source": "Repository"
    },
    "tidyr": {
      "Package": "tidyr",
      "Version": "1.3.0",
      "Source": "Repository"
    },
    "tidyselect": {
      "Package": "tidyselect",
      "Version": "1.2.0",
      "Source": "Repository"
    },
    "timechange": {
      "Package": "timechange",
      "Version": "0.2.0",
      "Source": "Repository"
    },
    "tinytex": {
      "Package": "tinytex",
      "Version": "0.44",
      "Source": "Repository"
    },
    "tzdb": {
      "Package": "tzdb",
      "Version": "0.3.0",
      "Source": "Repository"
    },
    "units": {
      "Package": "units",
      "Version": "0.8-1",
      "Source": "Repository"
    },
    "utf8": {
      "Package": "utf8",
      "Version": "1.2.3",
      "Source": "Repository"
    },
    "vctrs": {
      "Package": "vctrs",
      "Version": "0.6.1",
      "Source": "Repository"
    },
    "viridisLite": {
      "Package": "viridisLite",
      "Version": "0.4.1",
      "Source": "Repository"
    },
    "vroom": {
      "Package": "vroom",
      "Version": "1.6.1",
      "Source": "Repository"
    },
    "waldo": {
      "Package": "waldo",
      "Version": "0.4.0",
      "Source": "Repository"
    },
    "withr": {
      "Package": "withr",
      "Version": "2.5.0",
      "Source": "Repository"
    },
    "wk": {
      "Package": "wk",
      "Version": "0.7.2",
      "Source": "Repository"
    },
    "xfun": {
      "Package": "xfun",
      "Version": "0.38",
      "Source": "Repository"
    },
    "yaml": {
      "Package": "yaml",
      "Version": "2.3.7",
      "Source": "Repository"
    }
  }
}
